// !$*UTF8*$!
{
	archiveVersion = 1;
	classes = {
	};
	objectVersion = 50;
	objects = {

/* Begin PBXBuildFile section */
		3E594FB823D7B4A6002CC50E /* AppDelegate.swift in Sources */ = {isa = PBXBuildFile; fileRef = 3E594FB723D7B4A6002CC50E /* AppDelegate.swift */; };
		3E594FBA23D7B4A6002CC50E /* SceneDelegate.swift in Sources */ = {isa = PBXBuildFile; fileRef = 3E594FB923D7B4A6002CC50E /* SceneDelegate.swift */; };
		3E594FBC23D7B4A6002CC50E /* ViewController.swift in Sources */ = {isa = PBXBuildFile; fileRef = 3E594FBB23D7B4A6002CC50E /* ViewController.swift */; };
		3E594FBF23D7B4A6002CC50E /* Main.storyboard in Resources */ = {isa = PBXBuildFile; fileRef = 3E594FBD23D7B4A6002CC50E /* Main.storyboard */; };
		3E594FC123D7B4A7002CC50E /* Assets.xcassets in Resources */ = {isa = PBXBuildFile; fileRef = 3E594FC023D7B4A7002CC50E /* Assets.xcassets */; };
		3E594FC423D7B4A7002CC50E /* LaunchScreen.storyboard in Resources */ = {isa = PBXBuildFile; fileRef = 3E594FC223D7B4A7002CC50E /* LaunchScreen.storyboard */; };
/* End PBXBuildFile section */

/* Begin PBXFileReference section */
		3E594FB423D7B4A6002CC50E /* Lunar Zodiac.app */ = {isa = PBXFileReference; explicitFileType = wrapper.application; includeInIndex = 0; path = "Lunar Zodiac.app"; sourceTree = BUILT_PRODUCTS_DIR; };
		3E594FB723D7B4A6002CC50E /* AppDelegate.swift */ = {isa = PBXFileReference; lastKnownFileType = sourcecode.swift; path = AppDelegate.swift; sourceTree = "<group>"; };
		3E594FB923D7B4A6002CC50E /* SceneDelegate.swift */ = {isa = PBXFileReference; lastKnownFileType = sourcecode.swift; path = SceneDelegate.swift; sourceTree = "<group>"; };
		3E594FBB23D7B4A6002CC50E /* ViewController.swift */ = {isa = PBXFileReference; lastKnownFileType = sourcecode.swift; path = ViewController.swift; sourceTree = "<group>"; };
		3E594FBE23D7B4A6002CC50E /* Base */ = {isa = PBXFileReference; lastKnownFileType = file.storyboard; name = Base; path = Base.lproj/Main.storyboard; sourceTree = "<group>"; };
		3E594FC023D7B4A7002CC50E /* Assets.xcassets */ = {isa = PBXFileReference; lastKnownFileType = folder.assetcatalog; path = Assets.xcassets; sourceTree = "<group>"; };
		3E594FC323D7B4A7002CC50E /* Base */ = {isa = PBXFileReference; lastKnownFileType = file.storyboard; name = Base; path = Base.lproj/LaunchScreen.storyboard; sourceTree = "<group>"; };
		3E594FC523D7B4A7002CC50E /* Info.plist */ = {isa = PBXFileReference; lastKnownFileType = text.plist.xml; path = Info.plist; sourceTree = "<group>"; };
/* End PBXFileReference section */

/* Begin PBXFrameworksBuildPhase section */
		3E594FB123D7B4A6002CC50E /* Frameworks */ = {
			isa = PBXFrameworksBuildPhase;
			buildActionMask = 2147483647;
			files = (
			);
			runOnlyForDeploymentPostprocessing = 0;
		};
/* End PBXFrameworksBuildPhase section */

/* Begin PBXGroup section */
		3E594FAB23D7B4A6002CC50E = {
			isa = PBXGroup;
			children = (
				3E594FB623D7B4A6002CC50E /* Lunar Zodiac */,
				3E594FB523D7B4A6002CC50E /* Products */,
			);
			sourceTree = "<group>";
		};
		3E594FB523D7B4A6002CC50E /* Products */ = {
			isa = PBXGroup;
			children = (
				3E594FB423D7B4A6002CC50E /* Lunar Zodiac.app */,
			);
			name = Products;
			sourceTree = "<group>";
		};
		3E594FB623D7B4A6002CC50E /* Lunar Zodiac */ = {
			isa = PBXGroup;
			children = (
				3E594FB723D7B4A6002CC50E /* AppDelegate.swift */,
				3E594FB923D7B4A6002CC50E /* SceneDelegate.swift */,
				3E594FBB23D7B4A6002CC50E /* ViewController.swift */,
				3E594FBD23D7B4A6002CC50E /* Main.storyboard */,
				3E594FC023D7B4A7002CC50E /* Assets.xcassets */,
				3E594FC223D7B4A7002CC50E /* LaunchScreen.storyboard */,
				3E594FC523D7B4A7002CC50E /* Info.plist */,
			);
			path = "Lunar Zodiac";
			sourceTree = "<group>";
		};
/* End PBXGroup section */

/* Begin PBXNativeTarget section */
		3E594FB323D7B4A6002CC50E /* Lunar Zodiac */ = {
			isa = PBXNativeTarget;
			buildConfigurationList = 3E594FC823D7B4A7002CC50E /* Build configuration list for PBXNativeTarget "Lunar Zodiac" */;
			buildPhases = (
				3E594FB023D7B4A6002CC50E /* Sources */,
				3E594FB123D7B4A6002CC50E /* Frameworks */,
				3E594FB223D7B4A6002CC50E /* Resources */,
			);
			buildRules = (
			);
			dependencies = (
			);
			name = "Lunar Zodiac";
			productName = "Lunar Zodiac";
			productReference = 3E594FB423D7B4A6002CC50E /* Lunar Zodiac.app */;
			productType = "com.apple.product-type.application";
		};
/* End PBXNativeTarget section */

/* Begin PBXProject section */
		3E594FAC23D7B4A6002CC50E /* Project object */ = {
			isa = PBXProject;
			attributes = {
				LastSwiftUpdateCheck = 1130;
				LastUpgradeCheck = 1130;
				ORGANIZATIONNAME = "John Gallaugher";
				TargetAttributes = {
					3E594FB323D7B4A6002CC50E = {
						CreatedOnToolsVersion = 11.3;
					};
				};
			};
			buildConfigurationList = 3E594FAF23D7B4A6002CC50E /* Build configuration list for PBXProject "Lunar Zodiac" */;
			compatibilityVersion = "Xcode 9.3";
			developmentRegion = en;
			hasScannedForEncodings = 0;
			knownRegions = (
				en,
				Base,
			);
			mainGroup = 3E594FAB23D7B4A6002CC50E;
			productRefGroup = 3E594FB523D7B4A6002CC50E /* Products */;
			projectDirPath = "";
			projectRoot = "";
			targets = (
				3E594FB323D7B4A6002CC50E /* Lunar Zodiac */,
			);
		};
/* End PBXProject section */

/* Begin PBXResourcesBuildPhase section */
		3E594FB223D7B4A6002CC50E /* Resources */ = {
			isa = PBXResourcesBuildPhase;
			buildActionMask = 2147483647;
			files = (
				3E594FC423D7B4A7002CC50E /* LaunchScreen.storyboard in Resources */,
				3E594FC123D7B4A7002CC50E /* Assets.xcassets in Resources */,
				3E594FBF23D7B4A6002CC50E /* Main.storyboard in Resources */,
			);
			runOnlyForDeploymentPostprocessing = 0;
		};
/* End PBXResourcesBuildPhase section */

/* Begin PBXSourcesBuildPhase section */
		3E594FB023D7B4A6002CC50E /* Sources */ = {
			isa = PBXSourcesBuildPhase;
			buildActionMask = 2147483647;
			files = (
				3E594FBC23D7B4A6002CC50E /* ViewController.swift in Sources */,
				3E594FB823D7B4A6002CC50E /* AppDelegate.swift in Sources */,
				3E594FBA23D7B4A6002CC50E /* SceneDelegate.swift in Sources */,
			);
			runOnlyForDeploymentPostprocessing = 0;
		};
/* End PBXSourcesBuildPhase section */

/* Begin PBXVariantGroup section */
		3E594FBD23D7B4A6002CC50E /* Main.storyboard */ = {
			isa = PBXVariantGroup;
			children = (
				3E594FBE23D7B4A6002CC50E /* Base */,
			);
			name = Main.storyboard;
			sourceTree = "<group>";
		};
		3E594FC223D7B4A7002CC50E /* LaunchScreen.storyboard */ = {
			isa = PBXVariantGroup;
			children = (
				3E594FC323D7B4A7002CC50E /* Base */,
			);
			name = LaunchScreen.storyboard;
			sourceTree = "<group>";
		};
/* End PBXVariantGroup section */

/* Begin XCBuildConfiguration section */
		3E594FC623D7B4A7002CC50E /* Debug */ = {
			isa = XCBuildConfiguration;
			buildSettings = {
				ALWAYS_SEARCH_USER_PATHS = NO;
				CLANG_ANALYZER_NONNULL = YES;
				CLANG_ANALYZER_NUMBER_OBJECT_CONVERSION = YES_AGGRESSIVE;
				CLANG_CXX_LANGUAGE_STANDARD = "gnu++14";
				CLANG_CXX_LIBRARY = "libc++";
				CLANG_ENABLE_MODULES = YES;
				CLANG_ENABLE_OBJC_ARC = YES;
				CLANG_ENABLE_OBJC_WEAK = YES;
				CLANG_WARN_BLOCK_CAPTURE_AUTORELEASING = YES;
				CLANG_WARN_BOOL_CONVERSION = YES;
				CLANG_WARN_COMMA = YES;
				CLANG_WARN_CONSTANT_CONVERSION = YES;
				CLANG_WARN_DEPRECATED_OBJC_IMPLEMENTATIONS = YES;
				CLANG_WARN_DIRECT_OBJC_ISA_USAGE = YES_ERROR;
				CLANG_WARN_DOCUMENTATION_COMMENTS = YES;
				CLANG_WARN_EMPTY_BODY = YES;
				CLANG_WARN_ENUM_CONVERSION = YES;
				CLANG_WARN_INFINITE_RECURSION = YES;
				CLANG_WARN_INT_CONVERSION = YES;
				CLANG_WARN_NON_LITERAL_NULL_CONVERSION = YES;
				CLANG_WARN_OBJC_IMPLICIT_RETAIN_SELF = YES;
				CLANG_WARN_OBJC_LITERAL_CONVERSION = YES;
				CLANG_WARN_OBJC_ROOT_CLASS = YES_ERROR;
				CLANG_WARN_RANGE_LOOP_ANALYSIS = YES;
				CLANG_WARN_STRICT_PROTOTYPES = YES;
				CLANG_WARN_SUSPICIOUS_MOVE = YES;
				CLANG_WARN_UNGUARDED_AVAILABILITY = YES_AGGRESSIVE;
				CLANG_WARN_UNREACHABLE_CODE = YES;
				CLANG_WARN__DUPLICATE_METHOD_MATCH = YES;
				COPY_PHASE_STRIP = NO;
				DEBUG_INFORMATION_FORMAT = dwarf;
				ENABLE_STRICT_OBJC_MSGSEND = YES;
				ENABLE_TESTABILITY = YES;
				GCC_C_LANGUAGE_STANDARD = gnu11;
				GCC_DYNAMIC_NO_PIC = NO;
				GCC_NO_COMMON_BLOCKS = YES;
				GCC_OPTIMIZATION_LEVEL = 0;
				GCC_PREPROCESSOR_DEFINITIONS = (
					"DEBUG=1",
					"$(inherited)",
				);
				GCC_WARN_64_TO_32_BIT_CONVERSION = YES;
				GCC_WARN_ABOUT_RETURN_TYPE = YES_ERROR;
				GCC_WARN_UNDECLARED_SELECTOR = YES;
				GCC_WARN_UNINITIALIZED_AUTOS = YES_AGGRESSIVE;
				GCC_WARN_UNUSED_FUNCTION = YES;
				GCC_WARN_UNUSED_VARIABLE = YES;
				IPHONEOS_DEPLOYMENT_TARGET = 13.2;
				MTL_ENABLE_DEBUG_INFO = INCLUDE_SOURCE;
				MTL_FAST_MATH = YES;
				ONLY_ACTIVE_ARCH = YES;
				SDKROOT = iphoneos;
				SWIFT_ACTIVE_COMPILATION_CONDITIONS = DEBUG;
				SWIFT_OPTIMIZATION_LEVEL = "-Onone";
			};
			name = Debug;
		};
		3E594FC723D7B4A7002CC50E /* Release */ = {
			isa = XCBuildConfiguration;
			buildSettings = {
				ALWAYS_SEARCH_USER_PATHS = NO;
				CLANG_ANALYZER_NONNULL = YES;
				CLANG_ANALYZER_NUMBER_OBJECT_CONVERSION = YES_AGGRESSIVE;
				CLANG_CXX_LANGUAGE_STANDARD = "gnu++14";
				CLANG_CXX_LIBRARY = "libc++";
				CLANG_ENABLE_MODULES = YES;
				CLANG_ENABLE_OBJC_ARC = YES;
				CLANG_ENABLE_OBJC_WEAK = YES;
				CLANG_WARN_BLOCK_CAPTURE_AUTORELEASING = YES;
				CLANG_WARN_BOOL_CONVERSION = YES;
				CLANG_WARN_COMMA = YES;
				CLANG_WARN_CONSTANT_CONVERSION = YES;
				CLANG_WARN_DEPRECATED_OBJC_IMPLEMENTATIONS = YES;
				CLANG_WARN_DIRECT_OBJC_ISA_USAGE = YES_ERROR;
				CLANG_WARN_DOCUMENTATION_COMMENTS = YES;
				CLANG_WARN_EMPTY_BODY = YES;
				CLANG_WARN_ENUM_CONVERSION = YES;
				CLANG_WARN_INFINITE_RECURSION = YES;
				CLANG_WARN_INT_CONVERSION = YES;
				CLANG_WARN_NON_LITERAL_NULL_CONVERSION = YES;
				CLANG_WARN_OBJC_IMPLICIT_RETAIN_SELF = YES;
				CLANG_WARN_OBJC_LITERAL_CONVERSION = YES;
				CLANG_WARN_OBJC_ROOT_CLASS = YES_ERROR;
				CLANG_WARN_RANGE_LOOP_ANALYSIS = YES;
				CLANG_WARN_STRICT_PROTOTYPES = YES;
				CLANG_WARN_SUSPICIOUS_MOVE = YES;
				CLANG_WARN_UNGUARDED_AVAILABILITY = YES_AGGRESSIVE;
				CLANG_WARN_UNREACHABLE_CODE = YES;
				CLANG_WARN__DUPLICATE_METHOD_MATCH = YES;
				COPY_PHASE_STRIP = NO;
				DEBUG_INFORMATION_FORMAT = "dwarf-with-dsym";
				ENABLE_NS_ASSERTIONS = NO;
				ENABLE_STRICT_OBJC_MSGSEND = YES;
				GCC_C_LANGUAGE_STANDARD = gnu11;
				GCC_NO_COMMON_BLOCKS = YES;
				GCC_WARN_64_TO_32_BIT_CONVERSION = YES;
				GCC_WARN_ABOUT_RETURN_TYPE = YES_ERROR;
				GCC_WARN_UNDECLARED_SELECTOR = YES;
				GCC_WARN_UNINITIALIZED_AUTOS = YES_AGGRESSIVE;
				GCC_WARN_UNUSED_FUNCTION = YES;
				GCC_WARN_UNUSED_VARIABLE = YES;
				IPHONEOS_DEPLOYMENT_TARGET = 13.2;
				MTL_ENABLE_DEBUG_INFO = NO;
				MTL_FAST_MATH = YES;
				SDKROOT = iphoneos;
				SWIFT_COMPILATION_MODE = wholemodule;
				SWIFT_OPTIMIZATION_LEVEL = "-O";
				VALIDATE_PRODUCT = YES;
			};
			name = Release;
		};
		3E594FC923D7B4A7002CC50E /* Debug */ = {
			isa = XCBuildConfiguration;
			buildSettings = {
				ASSETCATALOG_COMPILER_APPICON_NAME = AppIcon;
				CODE_SIGN_STYLE = Automatic;
				DEVELOPMENT_TEAM = 9937BJYLPH;
				INFOPLIST_FILE = "Lunar Zodiac/Info.plist";
				LD_RUNPATH_SEARCH_PATHS = (
					"$(inherited)",
					"@executable_path/Frameworks",
				);
				PRODUCT_BUNDLE_IDENTIFIER = "com.gallaugher.Lunar-Zodiac";
				PRODUCT_NAME = "$(TARGET_NAME)";
				SWIFT_VERSION = 5.0;
				TARGETED_DEVICE_FAMILY = "1,2";
			};
			name = Debug;
		};
		3E594FCA23D7B4A7002CC50E /* Release */ = {
			isa = XCBuildConfiguration;
			buildSettings = {
				ASSETCATALOG_COMPILER_APPICON_NAME = AppIcon;
				CODE_SIGN_STYLE = Automatic;
				DEVELOPMENT_TEAM = 9937BJYLPH;
				INFOPLIST_FILE = "Lunar Zodiac/Info.plist";
				LD_RUNPATH_SEARCH_PATHS = (
					"$(inherited)",
					"@executable_path/Frameworks",
				);
				PRODUCT_BUNDLE_IDENTIFIER = "com.gallaugher.Lunar-Zodiac";
				PRODUCT_NAME = "$(TARGET_NAME)";
				SWIFT_VERSION = 5.0;
				TARGETED_DEVICE_FAMILY = "1,2";
			};
			name = Release;
		};
/* End XCBuildConfiguration section */

/* Begin XCConfigurationList section */
		3E594FAF23D7B4A6002CC50E /* Build configuration list for PBXProject "Lunar Zodiac" */ = {
			isa = XCConfigurationList;
			buildConfigurations = (
				3E594FC623D7B4A7002CC50E /* Debug */,
				3E594FC723D7B4A7002CC50E /* Release */,
			);
			defaultConfigurationIsVisible = 0;
			defaultConfigurationName = Release;
		};
		3E594FC823D7B4A7002CC50E /* Build configuration list for PBXNativeTarget "Lunar Zodiac" */ = {
			isa = XCConfigurationList;
			buildConfigurations = (
				3E594FC923D7B4A7002CC50E /* Debug */,
				3E594FCA23D7B4A7002CC50E /* Release */,
			);
			defaultConfigurationIsVisible = 0;
			defaultConfigurationName = Release;
		};
/* End XCConfigurationList section */
	};
	rootObject = 3E594FAC23D7B4A6002CC50E /* Project object */;
}
